
Microsoft Visual Studio Solution File, Format Version 12.00
# Visual Studio Version 17
VisualStudioVersion = 17.4.33205.214
MinimumVisualStudioVersion = 10.0.40219.1
Project("{2150E333-8FDC-42A3-9474-1A3956D46DE8}") = "EndPoint.BackGroundTasks", "EndPoint.BackGroundTasks", "{600BABF0-ACBA-45AA-917E-BE36B56B398B}"
EndProject
Project("{FAE04EC0-301F-11D3-BF4B-00C04F79EFBC}") = "BackgroundTasks", "BackgroundTasks\BackgroundTasks.csproj", "{B76843A4-D95B-444D-9E36-0CAC3CC8845A}"
EndProject
Project("{2150E333-8FDC-42A3-9474-1A3956D46DE8}") = "Domain.BackgroundTasks", "Domain.BackgroundTasks", "{F959121A-F51B-4D13-8566-22C8C17EF0EF}"
EndProject
Project("{FAE04EC0-301F-11D3-BF4B-00C04F79EFBC}") = "Domain.BackgroundTasks", "Domain.BackgroundTasks\Domain.BackgroundTasks.csproj", "{48F41BFC-8212-46AB-BCE6-47E0EAEFF444}"
EndProject
Global
	GlobalSection(SolutionConfigurationPlatforms) = preSolution
		Debug|Any CPU = Debug|Any CPU
		Release|Any CPU = Release|Any CPU
	EndGlobalSection
	GlobalSection(ProjectConfigurationPlatforms) = postSolution
		{B76843A4-D95B-444D-9E36-0CAC3CC8845A}.Debug|Any CPU.ActiveCfg = Debug|Any CPU
		{B76843A4-D95B-444D-9E36-0CAC3CC8845A}.Debug|Any CPU.Build.0 = Debug|Any CPU
		{B76843A4-D95B-444D-9E36-0CAC3CC8845A}.Release|Any CPU.ActiveCfg = Release|Any CPU
		{B76843A4-D95B-444D-9E36-0CAC3CC8845A}.Release|Any CPU.Build.0 = Release|Any CPU
		{48F41BFC-8212-46AB-BCE6-47E0EAEFF444}.Debug|Any CPU.ActiveCfg = Debug|Any CPU
		{48F41BFC-8212-46AB-BCE6-47E0EAEFF444}.Debug|Any CPU.Build.0 = Debug|Any CPU
		{48F41BFC-8212-46AB-BCE6-47E0EAEFF444}.Release|Any CPU.ActiveCfg = Release|Any CPU
		{48F41BFC-8212-46AB-BCE6-47E0EAEFF444}.Release|Any CPU.Build.0 = Release|Any CPU
	EndGlobalSection
	GlobalSection(SolutionProperties) = preSolution
		HideSolutionNode = FALSE
	EndGlobalSection
	GlobalSection(NestedProjects) = preSolution
		{B76843A4-D95B-444D-9E36-0CAC3CC8845A} = {600BABF0-ACBA-45AA-917E-BE36B56B398B}
		{48F41BFC-8212-46AB-BCE6-47E0EAEFF444} = {F959121A-F51B-4D13-8566-22C8C17EF0EF}
	EndGlobalSection
	GlobalSection(ExtensibilityGlobals) = postSolution
		SolutionGuid = {8EC707E7-E9E7-46AA-A8B4-B73811B38142}
	EndGlobalSection
EndGlobal
